
Microsoft Visual Studio Solution File, Format Version 12.00
# Visual Studio Version 17
VisualStudioVersion = 17.0.32014.148
MinimumVisualStudioVersion = 10.0.40219.1
Project("{FAE04EC0-301F-11D3-BF4B-00C04F79EFBC}") = "FlowModelDesktop", "FlowModelDesktop\FlowModelDesktop.csproj", "{60BB0745-3F16-4868-82E8-D5C99015B940}"
EndProject
Global
	GlobalSection(SolutionConfigurationPlatforms) = preSolution
		Debug|Any CPU = Debug|Any CPU
		Release|Any CPU = Release|Any CPU
	EndGlobalSection
	GlobalSection(ProjectConfigurationPlatforms) = postSolution
		{60BB0745-3F16-4868-82E8-D5C99015B940}.Debug|Any CPU.ActiveCfg = Debug|Any CPU
		{60BB0745-3F16-4868-82E8-D5C99015B940}.Debug|Any CPU.Build.0 = Debug|Any CPU
		{60BB0745-3F16-4868-82E8-D5C99015B940}.Release|Any CPU.ActiveCfg = Release|Any CPU
		{60BB0745-3F16-4868-82E8-D5C99015B940}.Release|Any CPU.Build.0 = Release|Any CPU
	EndGlobalSection
	GlobalSection(SolutionProperties) = preSolution
		HideSolutionNode = FALSE
	EndGlobalSection
	GlobalSection(ExtensibilityGlobals) = postSolution
		SolutionGuid = {43B7857D-CE30-4000-BC0B-D2F121CD2976}
	EndGlobalSection
EndGlobal
